// !$*UTF8*$!
{
	archiveVersion = 1;
	classes = {
	};
	objectVersion = 55;
	objects = {

/* Begin PBXBuildFile section */
		168114BB2A7C0FE80068B482 /* MarinasSearchCoordinatorDelegate.swift in Sources */ = {isa = PBXBuildFile; fileRef = 168114BA2A7C0FE80068B482 /* MarinasSearchCoordinatorDelegate.swift */; };
		1698F9D228B6F6ED00B0DFF5 /* AppDelegate.swift in Sources */ = {isa = PBXBuildFile; fileRef = 1698F9D128B6F6ED00B0DFF5 /* AppDelegate.swift */; };
		1698F9D428B6F6ED00B0DFF5 /* SceneDelegate.swift in Sources */ = {isa = PBXBuildFile; fileRef = 1698F9D328B6F6ED00B0DFF5 /* SceneDelegate.swift */; };
		1698F9D628B6F6ED00B0DFF5 /* MarinasSearchViewController.swift in Sources */ = {isa = PBXBuildFile; fileRef = 1698F9D528B6F6ED00B0DFF5 /* MarinasSearchViewController.swift */; };
		1698F9D928B6F6ED00B0DFF5 /* Main.storyboard in Resources */ = {isa = PBXBuildFile; fileRef = 1698F9D728B6F6ED00B0DFF5 /* Main.storyboard */; };
		1698F9DB28B6F6EF00B0DFF5 /* Assets.xcassets in Resources */ = {isa = PBXBuildFile; fileRef = 1698F9DA28B6F6EF00B0DFF5 /* Assets.xcassets */; };
		1698F9DE28B6F6EF00B0DFF5 /* LaunchScreen.storyboard in Resources */ = {isa = PBXBuildFile; fileRef = 1698F9DC28B6F6EF00B0DFF5 /* LaunchScreen.storyboard */; };
		1698F9E928B6F6EF00B0DFF5 /* MarinasAppTests.swift in Sources */ = {isa = PBXBuildFile; fileRef = 1698F9E828B6F6EF00B0DFF5 /* MarinasAppTests.swift */; };
		1698F9F328B6F6EF00B0DFF5 /* MarinasAppUITests.swift in Sources */ = {isa = PBXBuildFile; fileRef = 1698F9F228B6F6EF00B0DFF5 /* MarinasAppUITests.swift */; };
		1698F9F528B6F6EF00B0DFF5 /* MarinasAppUITestsLaunchTests.swift in Sources */ = {isa = PBXBuildFile; fileRef = 1698F9F428B6F6EF00B0DFF5 /* MarinasAppUITestsLaunchTests.swift */; };
		1698FA0428B6F73500B0DFF5 /* Point.swift in Sources */ = {isa = PBXBuildFile; fileRef = 1698FA0328B6F73500B0DFF5 /* Point.swift */; };
		1698FA1528B6FCE700B0DFF5 /* MarinasSearchCoordinator.swift in Sources */ = {isa = PBXBuildFile; fileRef = 1698FA1428B6FCE700B0DFF5 /* MarinasSearchCoordinator.swift */; };
		1698FA1728B6FCF900B0DFF5 /* AppCoordinator.swift in Sources */ = {isa = PBXBuildFile; fileRef = 1698FA1628B6FCF900B0DFF5 /* AppCoordinator.swift */; };
		1698FA1928B6FCFC00B0DFF5 /* Coordinatable.swift in Sources */ = {isa = PBXBuildFile; fileRef = 1698FA1828B6FCFC00B0DFF5 /* Coordinatable.swift */; };
		1698FA1D28B6FD0900B0DFF5 /* TabBarCoordinator.swift in Sources */ = {isa = PBXBuildFile; fileRef = 1698FA1C28B6FD0900B0DFF5 /* TabBarCoordinator.swift */; };
		1698FA1F28B6FD1F00B0DFF5 /* Route.swift in Sources */ = {isa = PBXBuildFile; fileRef = 1698FA1E28B6FD1F00B0DFF5 /* Route.swift */; };
		1698FA2128B6FD7A00B0DFF5 /* TabBarController.swift in Sources */ = {isa = PBXBuildFile; fileRef = 1698FA2028B6FD7A00B0DFF5 /* TabBarController.swift */; };
		1698FA2728B704A000B0DFF5 /* DataConverter.swift in Sources */ = {isa = PBXBuildFile; fileRef = 1698FA2628B704A000B0DFF5 /* DataConverter.swift */; };
		1698FA2A28B704D500B0DFF5 /* DataConverterTests.swift in Sources */ = {isa = PBXBuildFile; fileRef = 1698FA2928B704D500B0DFF5 /* DataConverterTests.swift */; };
		1698FA2D28B7052600B0DFF5 /* FakeJSONLoader.swift in Sources */ = {isa = PBXBuildFile; fileRef = 1698FA2C28B7052600B0DFF5 /* FakeJSONLoader.swift */; };
		1698FA3028B7059100B0DFF5 /* FakePointData.json in Resources */ = {isa = PBXBuildFile; fileRef = 1698FA2F28B7059100B0DFF5 /* FakePointData.json */; };
		1698FA3228B705F600B0DFF5 /* FakeFailureData.json in Resources */ = {isa = PBXBuildFile; fileRef = 1698FA3128B705F600B0DFF5 /* FakeFailureData.json */; };
		1698FA3628B71FC400B0DFF5 /* NetworkService.swift in Sources */ = {isa = PBXBuildFile; fileRef = 1698FA3528B71FC400B0DFF5 /* NetworkService.swift */; };
		1698FA3828B7204100B0DFF5 /* NetworkError.swift in Sources */ = {isa = PBXBuildFile; fileRef = 1698FA3728B7204100B0DFF5 /* NetworkError.swift */; };
		1698FA3A28BAB6BF00B0DFF5 /* MarinasFetcher.swift in Sources */ = {isa = PBXBuildFile; fileRef = 1698FA3928BAB6BE00B0DFF5 /* MarinasFetcher.swift */; };
		1698FA3C28BAB73A00B0DFF5 /* MarinasFetcherTests.swift in Sources */ = {isa = PBXBuildFile; fileRef = 1698FA3B28BAB73A00B0DFF5 /* MarinasFetcherTests.swift */; };
		1698FA3E28BABB7D00B0DFF5 /* FakeNetworkService.swift in Sources */ = {isa = PBXBuildFile; fileRef = 1698FA3D28BABB7D00B0DFF5 /* FakeNetworkService.swift */; };
		1698FA4028BABBAA00B0DFF5 /* FakeTestEndpoint.swift in Sources */ = {isa = PBXBuildFile; fileRef = 1698FA3F28BABBAA00B0DFF5 /* FakeTestEndpoint.swift */; };
		1698FA4228BAC67D00B0DFF5 /* FakeMarinasFetcher.swift in Sources */ = {isa = PBXBuildFile; fileRef = 1698FA4128BAC67D00B0DFF5 /* FakeMarinasFetcher.swift */; };
		1698FA4428BC437100B0DFF5 /* MarinasSearchPointViewModel.swift in Sources */ = {isa = PBXBuildFile; fileRef = 1698FA4328BC437100B0DFF5 /* MarinasSearchPointViewModel.swift */; };
		1698FA4728BC443900B0DFF5 /* MarinasPointViewModelTests.swift in Sources */ = {isa = PBXBuildFile; fileRef = 1698FA4628BC443900B0DFF5 /* MarinasPointViewModelTests.swift */; };
		1698FA4B28BEEA6F00B0DFF5 /* PointSearchResults.swift in Sources */ = {isa = PBXBuildFile; fileRef = 1698FA4A28BEEA6F00B0DFF5 /* PointSearchResults.swift */; };
		1698FA4E28C0434200B0DFF5 /* PointDetailsViewController.swift in Sources */ = {isa = PBXBuildFile; fileRef = 1698FA4D28C0434200B0DFF5 /* PointDetailsViewController.swift */; };
		1698FA5028C0443900B0DFF5 /* PointDetailsViewModel.swift in Sources */ = {isa = PBXBuildFile; fileRef = 1698FA4F28C0443900B0DFF5 /* PointDetailsViewModel.swift */; };
		1698FA5228C0552500B0DFF5 /* PointDetails.swift in Sources */ = {isa = PBXBuildFile; fileRef = 1698FA5128C0552500B0DFF5 /* PointDetails.swift */; };
		1698FA5528C05B2C00B0DFF5 /* PointDetailsView.swift in Sources */ = {isa = PBXBuildFile; fileRef = 1698FA5428C05B2C00B0DFF5 /* PointDetailsView.swift */; };
		27C82096610E41DAC76E291F /* Pods_MarinasApp.framework in Frameworks */ = {isa = PBXBuildFile; fileRef = 25F7C0A6A6B43633BCC471EE /* Pods_MarinasApp.framework */; };
		7A2EFDFC3F64ABB44ABD4A72 /* Pods_MarinasAppTests.framework in Frameworks */ = {isa = PBXBuildFile; fileRef = 25BC4F6BFA7D94448127D350 /* Pods_MarinasAppTests.framework */; };
/* End PBXBuildFile section */

/* Begin PBXContainerItemProxy section */
		1698F9E528B6F6EF00B0DFF5 /* PBXContainerItemProxy */ = {
			isa = PBXContainerItemProxy;
			containerPortal = 1698F9C628B6F6ED00B0DFF5 /* Project object */;
			proxyType = 1;
			remoteGlobalIDString = 1698F9CD28B6F6ED00B0DFF5;
			remoteInfo = MarinasApp;
		};
		1698F9EF28B6F6EF00B0DFF5 /* PBXContainerItemProxy */ = {
			isa = PBXContainerItemProxy;
			containerPortal = 1698F9C628B6F6ED00B0DFF5 /* Project object */;
			proxyType = 1;
			remoteGlobalIDString = 1698F9CD28B6F6ED00B0DFF5;
			remoteInfo = MarinasApp;
		};
/* End PBXContainerItemProxy section */

/* Begin PBXFileReference section */
		168114BA2A7C0FE80068B482 /* MarinasSearchCoordinatorDelegate.swift */ = {isa = PBXFileReference; lastKnownFileType = sourcecode.swift; path = MarinasSearchCoordinatorDelegate.swift; sourceTree = "<group>"; };
		1698F9CE28B6F6ED00B0DFF5 /* MarinasApp.app */ = {isa = PBXFileReference; explicitFileType = wrapper.application; includeInIndex = 0; path = MarinasApp.app; sourceTree = BUILT_PRODUCTS_DIR; };
		1698F9D128B6F6ED00B0DFF5 /* AppDelegate.swift */ = {isa = PBXFileReference; lastKnownFileType = sourcecode.swift; path = AppDelegate.swift; sourceTree = "<group>"; };
		1698F9D328B6F6ED00B0DFF5 /* SceneDelegate.swift */ = {isa = PBXFileReference; lastKnownFileType = sourcecode.swift; path = SceneDelegate.swift; sourceTree = "<group>"; };
		1698F9D528B6F6ED00B0DFF5 /* MarinasSearchViewController.swift */ = {isa = PBXFileReference; lastKnownFileType = sourcecode.swift; path = MarinasSearchViewController.swift; sourceTree = "<group>"; };
		1698F9D828B6F6ED00B0DFF5 /* Base */ = {isa = PBXFileReference; lastKnownFileType = file.storyboard; name = Base; path = Base.lproj/Main.storyboard; sourceTree = "<group>"; };
		1698F9DA28B6F6EF00B0DFF5 /* Assets.xcassets */ = {isa = PBXFileReference; lastKnownFileType = folder.assetcatalog; path = Assets.xcassets; sourceTree = "<group>"; };
		1698F9DD28B6F6EF00B0DFF5 /* Base */ = {isa = PBXFileReference; lastKnownFileType = file.storyboard; name = Base; path = Base.lproj/LaunchScreen.storyboard; sourceTree = "<group>"; };
		1698F9DF28B6F6EF00B0DFF5 /* Info.plist */ = {isa = PBXFileReference; lastKnownFileType = text.plist.xml; path = Info.plist; sourceTree = "<group>"; };
		1698F9E428B6F6EF00B0DFF5 /* MarinasAppTests.xctest */ = {isa = PBXFileReference; explicitFileType = wrapper.cfbundle; includeInIndex = 0; path = MarinasAppTests.xctest; sourceTree = BUILT_PRODUCTS_DIR; };
		1698F9E828B6F6EF00B0DFF5 /* MarinasAppTests.swift */ = {isa = PBXFileReference; lastKnownFileType = sourcecode.swift; path = MarinasAppTests.swift; sourceTree = "<group>"; };
		1698F9EE28B6F6EF00B0DFF5 /* MarinasAppUITests.xctest */ = {isa = PBXFileReference; explicitFileType = wrapper.cfbundle; includeInIndex = 0; path = MarinasAppUITests.xctest; sourceTree = BUILT_PRODUCTS_DIR; };
		1698F9F228B6F6EF00B0DFF5 /* MarinasAppUITests.swift */ = {isa = PBXFileReference; lastKnownFileType = sourcecode.swift; path = MarinasAppUITests.swift; sourceTree = "<group>"; };
		1698F9F428B6F6EF00B0DFF5 /* MarinasAppUITestsLaunchTests.swift */ = {isa = PBXFileReference; lastKnownFileType = sourcecode.swift; path = MarinasAppUITestsLaunchTests.swift; sourceTree = "<group>"; };
		1698FA0328B6F73500B0DFF5 /* Point.swift */ = {isa = PBXFileReference; lastKnownFileType = sourcecode.swift; path = Point.swift; sourceTree = "<group>"; };
		1698FA1428B6FCE700B0DFF5 /* MarinasSearchCoordinator.swift */ = {isa = PBXFileReference; fileEncoding = 4; lastKnownFileType = sourcecode.swift; path = MarinasSearchCoordinator.swift; sourceTree = "<group>"; };
		1698FA1628B6FCF900B0DFF5 /* AppCoordinator.swift */ = {isa = PBXFileReference; lastKnownFileType = sourcecode.swift; path = AppCoordinator.swift; sourceTree = "<group>"; };
		1698FA1828B6FCFC00B0DFF5 /* Coordinatable.swift */ = {isa = PBXFileReference; lastKnownFileType = sourcecode.swift; path = Coordinatable.swift; sourceTree = "<group>"; };
		1698FA1C28B6FD0900B0DFF5 /* TabBarCoordinator.swift */ = {isa = PBXFileReference; lastKnownFileType = sourcecode.swift; path = TabBarCoordinator.swift; sourceTree = "<group>"; };
		1698FA1E28B6FD1F00B0DFF5 /* Route.swift */ = {isa = PBXFileReference; lastKnownFileType = sourcecode.swift; path = Route.swift; sourceTree = "<group>"; };
		1698FA2028B6FD7A00B0DFF5 /* TabBarController.swift */ = {isa = PBXFileReference; lastKnownFileType = sourcecode.swift; path = TabBarController.swift; sourceTree = "<group>"; };
		1698FA2628B704A000B0DFF5 /* DataConverter.swift */ = {isa = PBXFileReference; lastKnownFileType = sourcecode.swift; path = DataConverter.swift; sourceTree = "<group>"; };
		1698FA2928B704D500B0DFF5 /* DataConverterTests.swift */ = {isa = PBXFileReference; lastKnownFileType = sourcecode.swift; path = DataConverterTests.swift; sourceTree = "<group>"; };
		1698FA2C28B7052600B0DFF5 /* FakeJSONLoader.swift */ = {isa = PBXFileReference; lastKnownFileType = sourcecode.swift; path = FakeJSONLoader.swift; sourceTree = "<group>"; };
		1698FA2F28B7059100B0DFF5 /* FakePointData.json */ = {isa = PBXFileReference; lastKnownFileType = text.json; path = FakePointData.json; sourceTree = "<group>"; };
		1698FA3128B705F600B0DFF5 /* FakeFailureData.json */ = {isa = PBXFileReference; lastKnownFileType = text.json; path = FakeFailureData.json; sourceTree = "<group>"; };
		1698FA3528B71FC400B0DFF5 /* NetworkService.swift */ = {isa = PBXFileReference; lastKnownFileType = sourcecode.swift; path = NetworkService.swift; sourceTree = "<group>"; };
		1698FA3728B7204100B0DFF5 /* NetworkError.swift */ = {isa = PBXFileReference; lastKnownFileType = sourcecode.swift; path = NetworkError.swift; sourceTree = "<group>"; };
		1698FA3928BAB6BE00B0DFF5 /* MarinasFetcher.swift */ = {isa = PBXFileReference; lastKnownFileType = sourcecode.swift; path = MarinasFetcher.swift; sourceTree = "<group>"; };
		1698FA3B28BAB73A00B0DFF5 /* MarinasFetcherTests.swift */ = {isa = PBXFileReference; lastKnownFileType = sourcecode.swift; path = MarinasFetcherTests.swift; sourceTree = "<group>"; };
		1698FA3D28BABB7D00B0DFF5 /* FakeNetworkService.swift */ = {isa = PBXFileReference; lastKnownFileType = sourcecode.swift; path = FakeNetworkService.swift; sourceTree = "<group>"; };
		1698FA3F28BABBAA00B0DFF5 /* FakeTestEndpoint.swift */ = {isa = PBXFileReference; lastKnownFileType = sourcecode.swift; path = FakeTestEndpoint.swift; sourceTree = "<group>"; };
		1698FA4128BAC67D00B0DFF5 /* FakeMarinasFetcher.swift */ = {isa = PBXFileReference; lastKnownFileType = sourcecode.swift; path = FakeMarinasFetcher.swift; sourceTree = "<group>"; };
		1698FA4328BC437100B0DFF5 /* MarinasSearchPointViewModel.swift */ = {isa = PBXFileReference; lastKnownFileType = sourcecode.swift; path = MarinasSearchPointViewModel.swift; sourceTree = "<group>"; };
		1698FA4628BC443900B0DFF5 /* MarinasPointViewModelTests.swift */ = {isa = PBXFileReference; lastKnownFileType = sourcecode.swift; path = MarinasPointViewModelTests.swift; sourceTree = "<group>"; };
		1698FA4A28BEEA6F00B0DFF5 /* PointSearchResults.swift */ = {isa = PBXFileReference; lastKnownFileType = sourcecode.swift; path = PointSearchResults.swift; sourceTree = "<group>"; };
		1698FA4D28C0434200B0DFF5 /* PointDetailsViewController.swift */ = {isa = PBXFileReference; lastKnownFileType = sourcecode.swift; path = PointDetailsViewController.swift; sourceTree = "<group>"; };
		1698FA4F28C0443900B0DFF5 /* PointDetailsViewModel.swift */ = {isa = PBXFileReference; lastKnownFileType = sourcecode.swift; path = PointDetailsViewModel.swift; sourceTree = "<group>"; };
		1698FA5128C0552500B0DFF5 /* PointDetails.swift */ = {isa = PBXFileReference; lastKnownFileType = sourcecode.swift; path = PointDetails.swift; sourceTree = "<group>"; };
		1698FA5428C05B2C00B0DFF5 /* PointDetailsView.swift */ = {isa = PBXFileReference; lastKnownFileType = sourcecode.swift; path = PointDetailsView.swift; sourceTree = "<group>"; };
		25BC4F6BFA7D94448127D350 /* Pods_MarinasAppTests.framework */ = {isa = PBXFileReference; explicitFileType = wrapper.framework; includeInIndex = 0; path = Pods_MarinasAppTests.framework; sourceTree = BUILT_PRODUCTS_DIR; };
		25F7C0A6A6B43633BCC471EE /* Pods_MarinasApp.framework */ = {isa = PBXFileReference; explicitFileType = wrapper.framework; includeInIndex = 0; path = Pods_MarinasApp.framework; sourceTree = BUILT_PRODUCTS_DIR; };
		493227914FBF38AEA4155C1C /* Pods-MarinasApp.debug.xcconfig */ = {isa = PBXFileReference; includeInIndex = 1; lastKnownFileType = text.xcconfig; name = "Pods-MarinasApp.debug.xcconfig"; path = "Target Support Files/Pods-MarinasApp/Pods-MarinasApp.debug.xcconfig"; sourceTree = "<group>"; };
		614840CED947BF6C97196998 /* Pods-MarinasAppTests.debug.xcconfig */ = {isa = PBXFileReference; includeInIndex = 1; lastKnownFileType = text.xcconfig; name = "Pods-MarinasAppTests.debug.xcconfig"; path = "Target Support Files/Pods-MarinasAppTests/Pods-MarinasAppTests.debug.xcconfig"; sourceTree = "<group>"; };
		7AB5699EB9E7455BD3BBC55E /* Pods-MarinasApp.release.xcconfig */ = {isa = PBXFileReference; includeInIndex = 1; lastKnownFileType = text.xcconfig; name = "Pods-MarinasApp.release.xcconfig"; path = "Target Support Files/Pods-MarinasApp/Pods-MarinasApp.release.xcconfig"; sourceTree = "<group>"; };
		DBDF80C46C24C5446A98AF1E /* Pods-MarinasAppTests.release.xcconfig */ = {isa = PBXFileReference; includeInIndex = 1; lastKnownFileType = text.xcconfig; name = "Pods-MarinasAppTests.release.xcconfig"; path = "Target Support Files/Pods-MarinasAppTests/Pods-MarinasAppTests.release.xcconfig"; sourceTree = "<group>"; };
/* End PBXFileReference section */

/* Begin PBXFrameworksBuildPhase section */
		1698F9CB28B6F6ED00B0DFF5 /* Frameworks */ = {
			isa = PBXFrameworksBuildPhase;
			buildActionMask = 2147483647;
			files = (
				27C82096610E41DAC76E291F /* Pods_MarinasApp.framework in Frameworks */,
			);
			runOnlyForDeploymentPostprocessing = 0;
		};
		1698F9E128B6F6EF00B0DFF5 /* Frameworks */ = {
			isa = PBXFrameworksBuildPhase;
			buildActionMask = 2147483647;
			files = (
				7A2EFDFC3F64ABB44ABD4A72 /* Pods_MarinasAppTests.framework in Frameworks */,
			);
			runOnlyForDeploymentPostprocessing = 0;
		};
		1698F9EB28B6F6EF00B0DFF5 /* Frameworks */ = {
			isa = PBXFrameworksBuildPhase;
			buildActionMask = 2147483647;
			files = (
			);
			runOnlyForDeploymentPostprocessing = 0;
		};
/* End PBXFrameworksBuildPhase section */

/* Begin PBXGroup section */
		0918ADA0F18E49F666FC9C9A /* Frameworks */ = {
			isa = PBXGroup;
			children = (
				25F7C0A6A6B43633BCC471EE /* Pods_MarinasApp.framework */,
				25BC4F6BFA7D94448127D350 /* Pods_MarinasAppTests.framework */,
			);
			name = Frameworks;
			sourceTree = "<group>";
		};
		1698F9C528B6F6ED00B0DFF5 = {
			isa = PBXGroup;
			children = (
				1698F9D028B6F6ED00B0DFF5 /* MarinasApp */,
				1698F9E728B6F6EF00B0DFF5 /* MarinasAppTests */,
				1698F9F128B6F6EF00B0DFF5 /* MarinasAppUITests */,
				1698F9CF28B6F6ED00B0DFF5 /* Products */,
				F74CE16F68121B60CB1FF8C4 /* Pods */,
				0918ADA0F18E49F666FC9C9A /* Frameworks */,
			);
			sourceTree = "<group>";
		};
		1698F9CF28B6F6ED00B0DFF5 /* Products */ = {
			isa = PBXGroup;
			children = (
				1698F9CE28B6F6ED00B0DFF5 /* MarinasApp.app */,
				1698F9E428B6F6EF00B0DFF5 /* MarinasAppTests.xctest */,
				1698F9EE28B6F6EF00B0DFF5 /* MarinasAppUITests.xctest */,
			);
			name = Products;
			sourceTree = "<group>";
		};
		1698F9D028B6F6ED00B0DFF5 /* MarinasApp */ = {
			isa = PBXGroup;
			children = (
				1698FA1328B6FCD700B0DFF5 /* Coordinators */,
				1698FA2228B6FE3F00B0DFF5 /* MarinasSearch */,
				1698FA2528B7047E00B0DFF5 /* Networking */,
				1698FA2328B6FE5D00B0DFF5 /* Points */,
				1698FA4C28C0431300B0DFF5 /* PointDetails */,
				1698FA2428B703B300B0DFF5 /* TabBar */,
				1698F9D128B6F6ED00B0DFF5 /* AppDelegate.swift */,
				1698F9DA28B6F6EF00B0DFF5 /* Assets.xcassets */,
				1698F9DF28B6F6EF00B0DFF5 /* Info.plist */,
				1698F9DC28B6F6EF00B0DFF5 /* LaunchScreen.storyboard */,
				1698F9D728B6F6ED00B0DFF5 /* Main.storyboard */,
				1698F9D328B6F6ED00B0DFF5 /* SceneDelegate.swift */,
			);
			path = MarinasApp;
			sourceTree = "<group>";
		};
		1698F9E728B6F6EF00B0DFF5 /* MarinasAppTests */ = {
			isa = PBXGroup;
			children = (
				1698FA4528BC442400B0DFF5 /* Marinas */,
				1698FA2E28B7057200B0DFF5 /* FakeJSONData */,
				1698FA2828B704BF00B0DFF5 /* Networking */,
				1698F9E828B6F6EF00B0DFF5 /* MarinasAppTests.swift */,
			);
			path = MarinasAppTests;
			sourceTree = "<group>";
		};
		1698F9F128B6F6EF00B0DFF5 /* MarinasAppUITests */ = {
			isa = PBXGroup;
			children = (
				1698F9F228B6F6EF00B0DFF5 /* MarinasAppUITests.swift */,
				1698F9F428B6F6EF00B0DFF5 /* MarinasAppUITestsLaunchTests.swift */,
			);
			path = MarinasAppUITests;
			sourceTree = "<group>";
		};
		1698FA1328B6FCD700B0DFF5 /* Coordinators */ = {
			isa = PBXGroup;
			children = (
				1698FA1628B6FCF900B0DFF5 /* AppCoordinator.swift */,
				1698FA1828B6FCFC00B0DFF5 /* Coordinatable.swift */,
				1698FA1E28B6FD1F00B0DFF5 /* Route.swift */,
				1698FA1C28B6FD0900B0DFF5 /* TabBarCoordinator.swift */,
			);
			path = Coordinators;
			sourceTree = "<group>";
		};
		1698FA2228B6FE3F00B0DFF5 /* MarinasSearch */ = {
			isa = PBXGroup;
			children = (
				1698FA1428B6FCE700B0DFF5 /* MarinasSearchCoordinator.swift */,
				1698F9D528B6F6ED00B0DFF5 /* MarinasSearchViewController.swift */,
				1698FA4328BC437100B0DFF5 /* MarinasSearchPointViewModel.swift */,
				168114BA2A7C0FE80068B482 /* MarinasSearchCoordinatorDelegate.swift */,
			);
			path = MarinasSearch;
			sourceTree = "<group>";
		};
		1698FA2328B6FE5D00B0DFF5 /* Points */ = {
			isa = PBXGroup;
			children = (
				1698FA0328B6F73500B0DFF5 /* Point.swift */,
				1698FA4A28BEEA6F00B0DFF5 /* PointSearchResults.swift */,
			);
			path = Points;
			sourceTree = "<group>";
		};
		1698FA2428B703B300B0DFF5 /* TabBar */ = {
			isa = PBXGroup;
			children = (
				1698FA2028B6FD7A00B0DFF5 /* TabBarController.swift */,
			);
			path = TabBar;
			sourceTree = "<group>";
		};
		1698FA2528B7047E00B0DFF5 /* Networking */ = {
			isa = PBXGroup;
			children = (
				1698FA2628B704A000B0DFF5 /* DataConverter.swift */,
				1698FA3528B71FC400B0DFF5 /* NetworkService.swift */,
				1698FA3728B7204100B0DFF5 /* NetworkError.swift */,
				1698FA3928BAB6BE00B0DFF5 /* MarinasFetcher.swift */,
			);
			path = Networking;
			sourceTree = "<group>";
		};
		1698FA2828B704BF00B0DFF5 /* Networking */ = {
			isa = PBXGroup;
			children = (
				1698FA2B28B7051A00B0DFF5 /* Fakes */,
				1698FA2928B704D500B0DFF5 /* DataConverterTests.swift */,
				1698FA3B28BAB73A00B0DFF5 /* MarinasFetcherTests.swift */,
			);
			path = Networking;
			sourceTree = "<group>";
		};
		1698FA2B28B7051A00B0DFF5 /* Fakes */ = {
			isa = PBXGroup;
			children = (
				1698FA2C28B7052600B0DFF5 /* FakeJSONLoader.swift */,
				1698FA3D28BABB7D00B0DFF5 /* FakeNetworkService.swift */,
				1698FA3F28BABBAA00B0DFF5 /* FakeTestEndpoint.swift */,
				1698FA4128BAC67D00B0DFF5 /* FakeMarinasFetcher.swift */,
			);
			path = Fakes;
			sourceTree = "<group>";
		};
		1698FA2E28B7057200B0DFF5 /* FakeJSONData */ = {
			isa = PBXGroup;
			children = (
				1698FA2F28B7059100B0DFF5 /* FakePointData.json */,
				1698FA3128B705F600B0DFF5 /* FakeFailureData.json */,
			);
			path = FakeJSONData;
			sourceTree = "<group>";
		};
		1698FA4528BC442400B0DFF5 /* Marinas */ = {
			isa = PBXGroup;
			children = (
				1698FA4628BC443900B0DFF5 /* MarinasPointViewModelTests.swift */,
			);
			path = Marinas;
			sourceTree = "<group>";
		};
		1698FA4C28C0431300B0DFF5 /* PointDetails */ = {
			isa = PBXGroup;
			children = (
				1698FA4D28C0434200B0DFF5 /* PointDetailsViewController.swift */,
				1698FA4F28C0443900B0DFF5 /* PointDetailsViewModel.swift */,
				1698FA5128C0552500B0DFF5 /* PointDetails.swift */,
				1698FA5428C05B2C00B0DFF5 /* PointDetailsView.swift */,
			);
			path = PointDetails;
			sourceTree = "<group>";
		};
		F74CE16F68121B60CB1FF8C4 /* Pods */ = {
			isa = PBXGroup;
			children = (
				493227914FBF38AEA4155C1C /* Pods-MarinasApp.debug.xcconfig */,
				7AB5699EB9E7455BD3BBC55E /* Pods-MarinasApp.release.xcconfig */,
				614840CED947BF6C97196998 /* Pods-MarinasAppTests.debug.xcconfig */,
				DBDF80C46C24C5446A98AF1E /* Pods-MarinasAppTests.release.xcconfig */,
			);
			path = Pods;
			sourceTree = "<group>";
		};
/* End PBXGroup section */

/* Begin PBXNativeTarget section */
		1698F9CD28B6F6ED00B0DFF5 /* MarinasApp */ = {
			isa = PBXNativeTarget;
			buildConfigurationList = 1698F9F828B6F6EF00B0DFF5 /* Build configuration list for PBXNativeTarget "MarinasApp" */;
			buildPhases = (
				5BEB646A592357BD80713258 /* [CP] Check Pods Manifest.lock */,
				1698F9CA28B6F6ED00B0DFF5 /* Sources */,
				1698F9CB28B6F6ED00B0DFF5 /* Frameworks */,
				1698F9CC28B6F6ED00B0DFF5 /* Resources */,
				B1AC7D7EE89197359C7C2F02 /* [CP] Embed Pods Frameworks */,
			);
			buildRules = (
			);
			dependencies = (
			);
			name = MarinasApp;
			productName = MarinasApp;
			productReference = 1698F9CE28B6F6ED00B0DFF5 /* MarinasApp.app */;
			productType = "com.apple.product-type.application";
		};
		1698F9E328B6F6EF00B0DFF5 /* MarinasAppTests */ = {
			isa = PBXNativeTarget;
			buildConfigurationList = 1698F9FB28B6F6EF00B0DFF5 /* Build configuration list for PBXNativeTarget "MarinasAppTests" */;
			buildPhases = (
				4BC8D02838A25209665D1825 /* [CP] Check Pods Manifest.lock */,
				1698F9E028B6F6EF00B0DFF5 /* Sources */,
				1698F9E128B6F6EF00B0DFF5 /* Frameworks */,
				1698F9E228B6F6EF00B0DFF5 /* Resources */,
			);
			buildRules = (
			);
			dependencies = (
				1698F9E628B6F6EF00B0DFF5 /* PBXTargetDependency */,
			);
			name = MarinasAppTests;
			productName = MarinasAppTests;
			productReference = 1698F9E428B6F6EF00B0DFF5 /* MarinasAppTests.xctest */;
			productType = "com.apple.product-type.bundle.unit-test";
		};
		1698F9ED28B6F6EF00B0DFF5 /* MarinasAppUITests */ = {
			isa = PBXNativeTarget;
			buildConfigurationList = 1698F9FE28B6F6EF00B0DFF5 /* Build configuration list for PBXNativeTarget "MarinasAppUITests" */;
			buildPhases = (
				1698F9EA28B6F6EF00B0DFF5 /* Sources */,
				1698F9EB28B6F6EF00B0DFF5 /* Frameworks */,
				1698F9EC28B6F6EF00B0DFF5 /* Resources */,
			);
			buildRules = (
			);
			dependencies = (
				1698F9F028B6F6EF00B0DFF5 /* PBXTargetDependency */,
			);
			name = MarinasAppUITests;
			productName = MarinasAppUITests;
			productReference = 1698F9EE28B6F6EF00B0DFF5 /* MarinasAppUITests.xctest */;
			productType = "com.apple.product-type.bundle.ui-testing";
		};
/* End PBXNativeTarget section */

/* Begin PBXProject section */
		1698F9C628B6F6ED00B0DFF5 /* Project object */ = {
			isa = PBXProject;
			attributes = {
				BuildIndependentTargetsInParallel = 1;
				LastSwiftUpdateCheck = 1340;
				LastUpgradeCheck = 1340;
				TargetAttributes = {
					1698F9CD28B6F6ED00B0DFF5 = {
						CreatedOnToolsVersion = 13.4.1;
					};
					1698F9E328B6F6EF00B0DFF5 = {
						CreatedOnToolsVersion = 13.4.1;
						TestTargetID = 1698F9CD28B6F6ED00B0DFF5;
					};
					1698F9ED28B6F6EF00B0DFF5 = {
						CreatedOnToolsVersion = 13.4.1;
						TestTargetID = 1698F9CD28B6F6ED00B0DFF5;
					};
				};
			};
			buildConfigurationList = 1698F9C928B6F6ED00B0DFF5 /* Build configuration list for PBXProject "MarinasApp" */;
			compatibilityVersion = "Xcode 13.0";
			developmentRegion = en;
			hasScannedForEncodings = 0;
			knownRegions = (
				en,
				Base,
			);
			mainGroup = 1698F9C528B6F6ED00B0DFF5;
			productRefGroup = 1698F9CF28B6F6ED00B0DFF5 /* Products */;
			projectDirPath = "";
			projectRoot = "";
			targets = (
				1698F9CD28B6F6ED00B0DFF5 /* MarinasApp */,
				1698F9E328B6F6EF00B0DFF5 /* MarinasAppTests */,
				1698F9ED28B6F6EF00B0DFF5 /* MarinasAppUITests */,
			);
		};
/* End PBXProject section */

/* Begin PBXResourcesBuildPhase section */
		1698F9CC28B6F6ED00B0DFF5 /* Resources */ = {
			isa = PBXResourcesBuildPhase;
			buildActionMask = 2147483647;
			files = (
				1698F9DE28B6F6EF00B0DFF5 /* LaunchScreen.storyboard in Resources */,
				1698F9DB28B6F6EF00B0DFF5 /* Assets.xcassets in Resources */,
				1698F9D928B6F6ED00B0DFF5 /* Main.storyboard in Resources */,
			);
			runOnlyForDeploymentPostprocessing = 0;
		};
		1698F9E228B6F6EF00B0DFF5 /* Resources */ = {
			isa = PBXResourcesBuildPhase;
			buildActionMask = 2147483647;
			files = (
				1698FA3028B7059100B0DFF5 /* FakePointData.json in Resources */,
				1698FA3228B705F600B0DFF5 /* FakeFailureData.json in Resources */,
			);
			runOnlyForDeploymentPostprocessing = 0;
		};
		1698F9EC28B6F6EF00B0DFF5 /* Resources */ = {
			isa = PBXResourcesBuildPhase;
			buildActionMask = 2147483647;
			files = (
			);
			runOnlyForDeploymentPostprocessing = 0;
		};
/* End PBXResourcesBuildPhase section */

/* Begin PBXShellScriptBuildPhase section */
		4BC8D02838A25209665D1825 /* [CP] Check Pods Manifest.lock */ = {
			isa = PBXShellScriptBuildPhase;
			buildActionMask = 2147483647;
			files = (
			);
			inputFileListPaths = (
			);
			inputPaths = (
				"${PODS_PODFILE_DIR_PATH}/Podfile.lock",
				"${PODS_ROOT}/Manifest.lock",
			);
			name = "[CP] Check Pods Manifest.lock";
			outputFileListPaths = (
			);
			outputPaths = (
				"$(DERIVED_FILE_DIR)/Pods-MarinasAppTests-checkManifestLockResult.txt",
			);
			runOnlyForDeploymentPostprocessing = 0;
			shellPath = /bin/sh;
			shellScript = "diff \"${PODS_PODFILE_DIR_PATH}/Podfile.lock\" \"${PODS_ROOT}/Manifest.lock\" > /dev/null\nif [ $? != 0 ] ; then\n    # print error to STDERR\n    echo \"error: The sandbox is not in sync with the Podfile.lock. Run 'pod install' or update your CocoaPods installation.\" >&2\n    exit 1\nfi\n# This output is used by Xcode 'outputs' to avoid re-running this script phase.\necho \"SUCCESS\" > \"${SCRIPT_OUTPUT_FILE_0}\"\n";
			showEnvVarsInLog = 0;
		};
		5BEB646A592357BD80713258 /* [CP] Check Pods Manifest.lock */ = {
			isa = PBXShellScriptBuildPhase;
			buildActionMask = 2147483647;
			files = (
			);
			inputFileListPaths = (
			);
			inputPaths = (
				"${PODS_PODFILE_DIR_PATH}/Podfile.lock",
				"${PODS_ROOT}/Manifest.lock",
			);
			name = "[CP] Check Pods Manifest.lock";
			outputFileListPaths = (
			);
			outputPaths = (
				"$(DERIVED_FILE_DIR)/Pods-MarinasApp-checkManifestLockResult.txt",
			);
			runOnlyForDeploymentPostprocessing = 0;
			shellPath = /bin/sh;
			shellScript = "diff \"${PODS_PODFILE_DIR_PATH}/Podfile.lock\" \"${PODS_ROOT}/Manifest.lock\" > /dev/null\nif [ $? != 0 ] ; then\n    # print error to STDERR\n    echo \"error: The sandbox is not in sync with the Podfile.lock. Run 'pod install' or update your CocoaPods installation.\" >&2\n    exit 1\nfi\n# This output is used by Xcode 'outputs' to avoid re-running this script phase.\necho \"SUCCESS\" > \"${SCRIPT_OUTPUT_FILE_0}\"\n";
			showEnvVarsInLog = 0;
		};
		B1AC7D7EE89197359C7C2F02 /* [CP] Embed Pods Frameworks */ = {
			isa = PBXShellScriptBuildPhase;
			buildActionMask = 2147483647;
			files = (
			);
			inputFileListPaths = (
				"${PODS_ROOT}/Target Support Files/Pods-MarinasApp/Pods-MarinasApp-frameworks-${CONFIGURATION}-input-files.xcfilelist",
			);
			name = "[CP] Embed Pods Frameworks";
			outputFileListPaths = (
				"${PODS_ROOT}/Target Support Files/Pods-MarinasApp/Pods-MarinasApp-frameworks-${CONFIGURATION}-output-files.xcfilelist",
			);
			runOnlyForDeploymentPostprocessing = 0;
			shellPath = /bin/sh;
			shellScript = "\"${PODS_ROOT}/Target Support Files/Pods-MarinasApp/Pods-MarinasApp-frameworks.sh\"\n";
			showEnvVarsInLog = 0;
		};
/* End PBXShellScriptBuildPhase section */

/* Begin PBXSourcesBuildPhase section */
		1698F9CA28B6F6ED00B0DFF5 /* Sources */ = {
			isa = PBXSourcesBuildPhase;
			buildActionMask = 2147483647;
			files = (
				1698FA5228C0552500B0DFF5 /* PointDetails.swift in Sources */,
				1698F9D628B6F6ED00B0DFF5 /* MarinasSearchViewController.swift in Sources */,
				1698FA3A28BAB6BF00B0DFF5 /* MarinasFetcher.swift in Sources */,
				1698FA3828B7204100B0DFF5 /* NetworkError.swift in Sources */,
				1698FA5528C05B2C00B0DFF5 /* PointDetailsView.swift in Sources */,
				1698FA0428B6F73500B0DFF5 /* Point.swift in Sources */,
				1698FA2128B6FD7A00B0DFF5 /* TabBarController.swift in Sources */,
				1698FA4B28BEEA6F00B0DFF5 /* PointSearchResults.swift in Sources */,
				1698FA2728B704A000B0DFF5 /* DataConverter.swift in Sources */,
				1698FA4E28C0434200B0DFF5 /* PointDetailsViewController.swift in Sources */,
				1698FA4428BC437100B0DFF5 /* MarinasSearchPointViewModel.swift in Sources */,
				1698FA1F28B6FD1F00B0DFF5 /* Route.swift in Sources */,
				1698FA5028C0443900B0DFF5 /* PointDetailsViewModel.swift in Sources */,
				1698F9D228B6F6ED00B0DFF5 /* AppDelegate.swift in Sources */,
				1698FA1528B6FCE700B0DFF5 /* MarinasSearchCoordinator.swift in Sources */,
				168114BB2A7C0FE80068B482 /* MarinasSearchCoordinatorDelegate.swift in Sources */,
				1698FA1928B6FCFC00B0DFF5 /* Coordinatable.swift in Sources */,
				1698F9D428B6F6ED00B0DFF5 /* SceneDelegate.swift in Sources */,
				1698FA1D28B6FD0900B0DFF5 /* TabBarCoordinator.swift in Sources */,
				1698FA3628B71FC400B0DFF5 /* NetworkService.swift in Sources */,
				1698FA1728B6FCF900B0DFF5 /* AppCoordinator.swift in Sources */,
			);
			runOnlyForDeploymentPostprocessing = 0;
		};
		1698F9E028B6F6EF00B0DFF5 /* Sources */ = {
			isa = PBXSourcesBuildPhase;
			buildActionMask = 2147483647;
			files = (
				1698FA2A28B704D500B0DFF5 /* DataConverterTests.swift in Sources */,
				1698FA4028BABBAA00B0DFF5 /* FakeTestEndpoint.swift in Sources */,
				1698FA2D28B7052600B0DFF5 /* FakeJSONLoader.swift in Sources */,
				1698F9E928B6F6EF00B0DFF5 /* MarinasAppTests.swift in Sources */,
				1698FA3C28BAB73A00B0DFF5 /* MarinasFetcherTests.swift in Sources */,
				1698FA3E28BABB7D00B0DFF5 /* FakeNetworkService.swift in Sources */,
				1698FA4728BC443900B0DFF5 /* MarinasPointViewModelTests.swift in Sources */,
				1698FA4228BAC67D00B0DFF5 /* FakeMarinasFetcher.swift in Sources */,
			);
			runOnlyForDeploymentPostprocessing = 0;
		};
		1698F9EA28B6F6EF00B0DFF5 /* Sources */ = {
			isa = PBXSourcesBuildPhase;
			buildActionMask = 2147483647;
			files = (
				1698F9F528B6F6EF00B0DFF5 /* MarinasAppUITestsLaunchTests.swift in Sources */,
				1698F9F328B6F6EF00B0DFF5 /* MarinasAppUITests.swift in Sources */,
			);
			runOnlyForDeploymentPostprocessing = 0;
		};
/* End PBXSourcesBuildPhase section */

/* Begin PBXTargetDependency section */
		1698F9E628B6F6EF00B0DFF5 /* PBXTargetDependency */ = {
			isa = PBXTargetDependency;
			target = 1698F9CD28B6F6ED00B0DFF5 /* MarinasApp */;
			targetProxy = 1698F9E528B6F6EF00B0DFF5 /* PBXContainerItemProxy */;
		};
		1698F9F028B6F6EF00B0DFF5 /* PBXTargetDependency */ = {
			isa = PBXTargetDependency;
			target = 1698F9CD28B6F6ED00B0DFF5 /* MarinasApp */;
			targetProxy = 1698F9EF28B6F6EF00B0DFF5 /* PBXContainerItemProxy */;
		};
/* End PBXTargetDependency section */

/* Begin PBXVariantGroup section */
		1698F9D728B6F6ED00B0DFF5 /* Main.storyboard */ = {
			isa = PBXVariantGroup;
			children = (
				1698F9D828B6F6ED00B0DFF5 /* Base */,
			);
			name = Main.storyboard;
			sourceTree = "<group>";
		};
		1698F9DC28B6F6EF00B0DFF5 /* LaunchScreen.storyboard */ = {
			isa = PBXVariantGroup;
			children = (
				1698F9DD28B6F6EF00B0DFF5 /* Base */,
			);
			name = LaunchScreen.storyboard;
			sourceTree = "<group>";
		};
/* End PBXVariantGroup section */

/* Begin XCBuildConfiguration section */
		1698F9F628B6F6EF00B0DFF5 /* Debug */ = {
			isa = XCBuildConfiguration;
			buildSettings = {
				ALWAYS_SEARCH_USER_PATHS = NO;
				CLANG_ANALYZER_NONNULL = YES;
				CLANG_ANALYZER_NUMBER_OBJECT_CONVERSION = YES_AGGRESSIVE;
				CLANG_CXX_LANGUAGE_STANDARD = "gnu++17";
				CLANG_ENABLE_MODULES = YES;
				CLANG_ENABLE_OBJC_ARC = YES;
				CLANG_ENABLE_OBJC_WEAK = YES;
				CLANG_WARN_BLOCK_CAPTURE_AUTORELEASING = YES;
				CLANG_WARN_BOOL_CONVERSION = YES;
				CLANG_WARN_COMMA = YES;
				CLANG_WARN_CONSTANT_CONVERSION = YES;
				CLANG_WARN_DEPRECATED_OBJC_IMPLEMENTATIONS = YES;
				CLANG_WARN_DIRECT_OBJC_ISA_USAGE = YES_ERROR;
				CLANG_WARN_DOCUMENTATION_COMMENTS = YES;
				CLANG_WARN_EMPTY_BODY = YES;
				CLANG_WARN_ENUM_CONVERSION = YES;
				CLANG_WARN_INFINITE_RECURSION = YES;
				CLANG_WARN_INT_CONVERSION = YES;
				CLANG_WARN_NON_LITERAL_NULL_CONVERSION = YES;
				CLANG_WARN_OBJC_IMPLICIT_RETAIN_SELF = YES;
				CLANG_WARN_OBJC_LITERAL_CONVERSION = YES;
				CLANG_WARN_OBJC_ROOT_CLASS = YES_ERROR;
				CLANG_WARN_QUOTED_INCLUDE_IN_FRAMEWORK_HEADER = YES;
				CLANG_WARN_RANGE_LOOP_ANALYSIS = YES;
				CLANG_WARN_STRICT_PROTOTYPES = YES;
				CLANG_WARN_SUSPICIOUS_MOVE = YES;
				CLANG_WARN_UNGUARDED_AVAILABILITY = YES_AGGRESSIVE;
				CLANG_WARN_UNREACHABLE_CODE = YES;
				CLANG_WARN__DUPLICATE_METHOD_MATCH = YES;
				COPY_PHASE_STRIP = NO;
				DEBUG_INFORMATION_FORMAT = dwarf;
				ENABLE_STRICT_OBJC_MSGSEND = YES;
				ENABLE_TESTABILITY = YES;
				GCC_C_LANGUAGE_STANDARD = gnu11;
				GCC_DYNAMIC_NO_PIC = NO;
				GCC_NO_COMMON_BLOCKS = YES;
				GCC_OPTIMIZATION_LEVEL = 0;
				GCC_PREPROCESSOR_DEFINITIONS = (
					"DEBUG=1",
					"$(inherited)",
				);
				GCC_WARN_64_TO_32_BIT_CONVERSION = YES;
				GCC_WARN_ABOUT_RETURN_TYPE = YES_ERROR;
				GCC_WARN_UNDECLARED_SELECTOR = YES;
				GCC_WARN_UNINITIALIZED_AUTOS = YES_AGGRESSIVE;
				GCC_WARN_UNUSED_FUNCTION = YES;
				GCC_WARN_UNUSED_VARIABLE = YES;
				IPHONEOS_DEPLOYMENT_TARGET = 15.5;
				MTL_ENABLE_DEBUG_INFO = INCLUDE_SOURCE;
				MTL_FAST_MATH = YES;
				ONLY_ACTIVE_ARCH = YES;
				SDKROOT = iphoneos;
				SWIFT_ACTIVE_COMPILATION_CONDITIONS = DEBUG;
				SWIFT_OPTIMIZATION_LEVEL = "-Onone";
			};
			name = Debug;
		};
		1698F9F728B6F6EF00B0DFF5 /* Release */ = {
			isa = XCBuildConfiguration;
			buildSettings = {
				ALWAYS_SEARCH_USER_PATHS = NO;
				CLANG_ANALYZER_NONNULL = YES;
				CLANG_ANALYZER_NUMBER_OBJECT_CONVERSION = YES_AGGRESSIVE;
				CLANG_CXX_LANGUAGE_STANDARD = "gnu++17";
				CLANG_ENABLE_MODULES = YES;
				CLANG_ENABLE_OBJC_ARC = YES;
				CLANG_ENABLE_OBJC_WEAK = YES;
				CLANG_WARN_BLOCK_CAPTURE_AUTORELEASING = YES;
				CLANG_WARN_BOOL_CONVERSION = YES;
				CLANG_WARN_COMMA = YES;
				CLANG_WARN_CONSTANT_CONVERSION = YES;
				CLANG_WARN_DEPRECATED_OBJC_IMPLEMENTATIONS = YES;
				CLANG_WARN_DIRECT_OBJC_ISA_USAGE = YES_ERROR;
				CLANG_WARN_DOCUMENTATION_COMMENTS = YES;
				CLANG_WARN_EMPTY_BODY = YES;
				CLANG_WARN_ENUM_CONVERSION = YES;
				CLANG_WARN_INFINITE_RECURSION = YES;
				CLANG_WARN_INT_CONVERSION = YES;
				CLANG_WARN_NON_LITERAL_NULL_CONVERSION = YES;
				CLANG_WARN_OBJC_IMPLICIT_RETAIN_SELF = YES;
				CLANG_WARN_OBJC_LITERAL_CONVERSION = YES;
				CLANG_WARN_OBJC_ROOT_CLASS = YES_ERROR;
				CLANG_WARN_QUOTED_INCLUDE_IN_FRAMEWORK_HEADER = YES;
				CLANG_WARN_RANGE_LOOP_ANALYSIS = YES;
				CLANG_WARN_STRICT_PROTOTYPES = YES;
				CLANG_WARN_SUSPICIOUS_MOVE = YES;
				CLANG_WARN_UNGUARDED_AVAILABILITY = YES_AGGRESSIVE;
				CLANG_WARN_UNREACHABLE_CODE = YES;
				CLANG_WARN__DUPLICATE_METHOD_MATCH = YES;
				COPY_PHASE_STRIP = NO;
				DEBUG_INFORMATION_FORMAT = "dwarf-with-dsym";
				ENABLE_NS_ASSERTIONS = NO;
				ENABLE_STRICT_OBJC_MSGSEND = YES;
				GCC_C_LANGUAGE_STANDARD = gnu11;
				GCC_NO_COMMON_BLOCKS = YES;
				GCC_WARN_64_TO_32_BIT_CONVERSION = YES;
				GCC_WARN_ABOUT_RETURN_TYPE = YES_ERROR;
				GCC_WARN_UNDECLARED_SELECTOR = YES;
				GCC_WARN_UNINITIALIZED_AUTOS = YES_AGGRESSIVE;
				GCC_WARN_UNUSED_FUNCTION = YES;
				GCC_WARN_UNUSED_VARIABLE = YES;
				IPHONEOS_DEPLOYMENT_TARGET = 15.5;
				MTL_ENABLE_DEBUG_INFO = NO;
				MTL_FAST_MATH = YES;
				SDKROOT = iphoneos;
				SWIFT_COMPILATION_MODE = wholemodule;
				SWIFT_OPTIMIZATION_LEVEL = "-O";
				VALIDATE_PRODUCT = YES;
			};
			name = Release;
		};
		1698F9F928B6F6EF00B0DFF5 /* Debug */ = {
			isa = XCBuildConfiguration;
			baseConfigurationReference = 493227914FBF38AEA4155C1C /* Pods-MarinasApp.debug.xcconfig */;
			buildSettings = {
				ASSETCATALOG_COMPILER_APPICON_NAME = AppIcon;
				ASSETCATALOG_COMPILER_GLOBAL_ACCENT_COLOR_NAME = AccentColor;
				CODE_SIGN_STYLE = Automatic;
				CURRENT_PROJECT_VERSION = 1;
				DEVELOPMENT_TEAM = N993RX34M3;
				GENERATE_INFOPLIST_FILE = YES;
				INFOPLIST_FILE = MarinasApp/Info.plist;
				INFOPLIST_KEY_UIApplicationSupportsIndirectInputEvents = YES;
				INFOPLIST_KEY_UILaunchStoryboardName = LaunchScreen;
				INFOPLIST_KEY_UIMainStoryboardFile = Main;
				INFOPLIST_KEY_UISupportedInterfaceOrientations_iPad = "UIInterfaceOrientationPortrait UIInterfaceOrientationPortraitUpsideDown UIInterfaceOrientationLandscapeLeft UIInterfaceOrientationLandscapeRight";
				INFOPLIST_KEY_UISupportedInterfaceOrientations_iPhone = "UIInterfaceOrientationPortrait UIInterfaceOrientationLandscapeLeft UIInterfaceOrientationLandscapeRight";
				LD_RUNPATH_SEARCH_PATHS = (
					"$(inherited)",
					"@executable_path/Frameworks",
				);
				MARKETING_VERSION = 1.0;
				PRODUCT_BUNDLE_IDENTIFIER = com.lovelejess.MarinasApp;
				PRODUCT_NAME = "$(TARGET_NAME)";
				SWIFT_EMIT_LOC_STRINGS = YES;
				SWIFT_VERSION = 5.0;
				TARGETED_DEVICE_FAMILY = "1,2";
			};
			name = Debug;
		};
		1698F9FA28B6F6EF00B0DFF5 /* Release */ = {
			isa = XCBuildConfiguration;
			baseConfigurationReference = 7AB5699EB9E7455BD3BBC55E /* Pods-MarinasApp.release.xcconfig */;
			buildSettings = {
				ASSETCATALOG_COMPILER_APPICON_NAME = AppIcon;
				ASSETCATALOG_COMPILER_GLOBAL_ACCENT_COLOR_NAME = AccentColor;
				CODE_SIGN_STYLE = Automatic;
				CURRENT_PROJECT_VERSION = 1;
				DEVELOPMENT_TEAM = N993RX34M3;
				GENERATE_INFOPLIST_FILE = YES;
				INFOPLIST_FILE = MarinasApp/Info.plist;
				INFOPLIST_KEY_UIApplicationSupportsIndirectInputEvents = YES;
				INFOPLIST_KEY_UILaunchStoryboardName = LaunchScreen;
				INFOPLIST_KEY_UIMainStoryboardFile = Main;
				INFOPLIST_KEY_UISupportedInterfaceOrientations_iPad = "UIInterfaceOrientationPortrait UIInterfaceOrientationPortraitUpsideDown UIInterfaceOrientationLandscapeLeft UIInterfaceOrientationLandscapeRight";
				INFOPLIST_KEY_UISupportedInterfaceOrientations_iPhone = "UIInterfaceOrientationPortrait UIInterfaceOrientationLandscapeLeft UIInterfaceOrientationLandscapeRight";
				LD_RUNPATH_SEARCH_PATHS = (
					"$(inherited)",
					"@executable_path/Frameworks",
				);
				MARKETING_VERSION = 1.0;
				PRODUCT_BUNDLE_IDENTIFIER = com.lovelejess.MarinasApp;
				PRODUCT_NAME = "$(TARGET_NAME)";
				SWIFT_EMIT_LOC_STRINGS = YES;
				SWIFT_VERSION = 5.0;
				TARGETED_DEVICE_FAMILY = "1,2";
			};
			name = Release;
		};
		1698F9FC28B6F6EF00B0DFF5 /* Debug */ = {
			isa = XCBuildConfiguration;
			baseConfigurationReference = 614840CED947BF6C97196998 /* Pods-MarinasAppTests.debug.xcconfig */;
			buildSettings = {
				ALWAYS_EMBED_SWIFT_STANDARD_LIBRARIES = YES;
				BUNDLE_LOADER = "$(TEST_HOST)";
				CODE_SIGN_STYLE = Automatic;
				CURRENT_PROJECT_VERSION = 1;
				DEVELOPMENT_TEAM = N993RX34M3;
				GENERATE_INFOPLIST_FILE = YES;
				IPHONEOS_DEPLOYMENT_TARGET = 15.5;
				MARKETING_VERSION = 1.0;
				PRODUCT_BUNDLE_IDENTIFIER = com.lovelejess.MarinasAppTests;
				PRODUCT_NAME = "$(TARGET_NAME)";
				SWIFT_EMIT_LOC_STRINGS = NO;
				SWIFT_VERSION = 5.0;
				TARGETED_DEVICE_FAMILY = "1,2";
				TEST_HOST = "$(BUILT_PRODUCTS_DIR)/MarinasApp.app/MarinasApp";
			};
			name = Debug;
		};
		1698F9FD28B6F6EF00B0DFF5 /* Release */ = {
			isa = XCBuildConfiguration;
			baseConfigurationReference = DBDF80C46C24C5446A98AF1E /* Pods-MarinasAppTests.release.xcconfig */;
			buildSettings = {
				ALWAYS_EMBED_SWIFT_STANDARD_LIBRARIES = YES;
				BUNDLE_LOADER = "$(TEST_HOST)";
				CODE_SIGN_STYLE = Automatic;
				CURRENT_PROJECT_VERSION = 1;
				DEVELOPMENT_TEAM = N993RX34M3;
				GENERATE_INFOPLIST_FILE = YES;
				IPHONEOS_DEPLOYMENT_TARGET = 15.5;
				MARKETING_VERSION = 1.0;
				PRODUCT_BUNDLE_IDENTIFIER = com.lovelejess.MarinasAppTests;
				PRODUCT_NAME = "$(TARGET_NAME)";
				SWIFT_EMIT_LOC_STRINGS = NO;
				SWIFT_VERSION = 5.0;
				TARGETED_DEVICE_FAMILY = "1,2";
				TEST_HOST = "$(BUILT_PRODUCTS_DIR)/MarinasApp.app/MarinasApp";
			};
			name = Release;
		};
		1698F9FF28B6F6EF00B0DFF5 /* Debug */ = {
			isa = XCBuildConfiguration;
			buildSettings = {
				ALWAYS_EMBED_SWIFT_STANDARD_LIBRARIES = YES;
				CODE_SIGN_STYLE = Automatic;
				CURRENT_PROJECT_VERSION = 1;
				DEVELOPMENT_TEAM = N993RX34M3;
				GENERATE_INFOPLIST_FILE = YES;
				MARKETING_VERSION = 1.0;
				PRODUCT_BUNDLE_IDENTIFIER = com.lovelejess.MarinasAppUITests;
				PRODUCT_NAME = "$(TARGET_NAME)";
				SWIFT_EMIT_LOC_STRINGS = NO;
				SWIFT_VERSION = 5.0;
				TARGETED_DEVICE_FAMILY = "1,2";
				TEST_TARGET_NAME = MarinasApp;
			};
			name = Debug;
		};
		1698FA0028B6F6EF00B0DFF5 /* Release */ = {
			isa = XCBuildConfiguration;
			buildSettings = {
				ALWAYS_EMBED_SWIFT_STANDARD_LIBRARIES = YES;
				CODE_SIGN_STYLE = Automatic;
				CURRENT_PROJECT_VERSION = 1;
				DEVELOPMENT_TEAM = N993RX34M3;
				GENERATE_INFOPLIST_FILE = YES;
				MARKETING_VERSION = 1.0;
				PRODUCT_BUNDLE_IDENTIFIER = com.lovelejess.MarinasAppUITests;
				PRODUCT_NAME = "$(TARGET_NAME)";
				SWIFT_EMIT_LOC_STRINGS = NO;
				SWIFT_VERSION = 5.0;
				TARGETED_DEVICE_FAMILY = "1,2";
				TEST_TARGET_NAME = MarinasApp;
			};
			name = Release;
		};
/* End XCBuildConfiguration section */

/* Begin XCConfigurationList section */
		1698F9C928B6F6ED00B0DFF5 /* Build configuration list for PBXProject "MarinasApp" */ = {
			isa = XCConfigurationList;
			buildConfigurations = (
				1698F9F628B6F6EF00B0DFF5 /* Debug */,
				1698F9F728B6F6EF00B0DFF5 /* Release */,
			);
			defaultConfigurationIsVisible = 0;
			defaultConfigurationName = Release;
		};
		1698F9F828B6F6EF00B0DFF5 /* Build configuration list for PBXNativeTarget "MarinasApp" */ = {
			isa = XCConfigurationList;
			buildConfigurations = (
				1698F9F928B6F6EF00B0DFF5 /* Debug */,
				1698F9FA28B6F6EF00B0DFF5 /* Release */,
			);
			defaultConfigurationIsVisible = 0;
			defaultConfigurationName = Release;
		};
		1698F9FB28B6F6EF00B0DFF5 /* Build configuration list for PBXNativeTarget "MarinasAppTests" */ = {
			isa = XCConfigurationList;
			buildConfigurations = (
				1698F9FC28B6F6EF00B0DFF5 /* Debug */,
				1698F9FD28B6F6EF00B0DFF5 /* Release */,
			);
			defaultConfigurationIsVisible = 0;
			defaultConfigurationName = Release;
		};
		1698F9FE28B6F6EF00B0DFF5 /* Build configuration list for PBXNativeTarget "MarinasAppUITests" */ = {
			isa = XCConfigurationList;
			buildConfigurations = (
				1698F9FF28B6F6EF00B0DFF5 /* Debug */,
				1698FA0028B6F6EF00B0DFF5 /* Release */,
			);
			defaultConfigurationIsVisible = 0;
			defaultConfigurationName = Release;
		};
/* End XCConfigurationList section */
	};
	rootObject = 1698F9C628B6F6ED00B0DFF5 /* Project object */;
}
